
Microsoft Visual Studio Solution File, Format Version 12.00
# Visual Studio Version 17
VisualStudioVersion = 17.9.34616.47
MinimumVisualStudioVersion = 10.0.40219.1
Project("{FAE04EC0-301F-11D3-BF4B-00C04F79EFBC}") = "26_BuiVanToan_Slot13", "26_BuiVanToan_Slot13\26_BuiVanToan_Slot13.csproj", "{1395A6EF-9864-4508-AC51-BF686E034109}"
EndProject
Global
	GlobalSection(SolutionConfigurationPlatforms) = preSolution
		Debug|Any CPU = Debug|Any CPU
		Release|Any CPU = Release|Any CPU
	EndGlobalSection
	GlobalSection(ProjectConfigurationPlatforms) = postSolution
		{1395A6EF-9864-4508-AC51-BF686E034109}.Debug|Any CPU.ActiveCfg = Debug|Any CPU
		{1395A6EF-9864-4508-AC51-BF686E034109}.Debug|Any CPU.Build.0 = Debug|Any CPU
		{1395A6EF-9864-4508-AC51-BF686E034109}.Release|Any CPU.ActiveCfg = Release|Any CPU
		{1395A6EF-9864-4508-AC51-BF686E034109}.Release|Any CPU.Build.0 = Release|Any CPU
	EndGlobalSection
	GlobalSection(SolutionProperties) = preSolution
		HideSolutionNode = FALSE
	EndGlobalSection
	GlobalSection(ExtensibilityGlobals) = postSolution
		SolutionGuid = {1D96B8B1-69A4-45DA-9CCD-F54BD151B782}
	EndGlobalSection
EndGlobal
