
Microsoft Visual Studio Solution File, Format Version 12.00
# Visual Studio Version 17
VisualStudioVersion = 17.9.34616.47
MinimumVisualStudioVersion = 10.0.40219.1
Project("{FAE04EC0-301F-11D3-BF4B-00C04F79EFBC}") = "26_BuiVanToan_Slot13", "26_BuiVanToan_Slot13\26_BuiVanToan_Slot13.csproj", "{803FAC66-9AFD-4810-92DC-4BA6C72849C3}"
EndProject
Global
	GlobalSection(SolutionConfigurationPlatforms) = preSolution
		Debug|Any CPU = Debug|Any CPU
		Release|Any CPU = Release|Any CPU
	EndGlobalSection
	GlobalSection(ProjectConfigurationPlatforms) = postSolution
		{803FAC66-9AFD-4810-92DC-4BA6C72849C3}.Debug|Any CPU.ActiveCfg = Debug|Any CPU
		{803FAC66-9AFD-4810-92DC-4BA6C72849C3}.Debug|Any CPU.Build.0 = Debug|Any CPU
		{803FAC66-9AFD-4810-92DC-4BA6C72849C3}.Release|Any CPU.ActiveCfg = Release|Any CPU
		{803FAC66-9AFD-4810-92DC-4BA6C72849C3}.Release|Any CPU.Build.0 = Release|Any CPU
	EndGlobalSection
	GlobalSection(SolutionProperties) = preSolution
		HideSolutionNode = FALSE
	EndGlobalSection
	GlobalSection(ExtensibilityGlobals) = postSolution
		SolutionGuid = {EDE0E810-0551-4FB1-84A9-EDDDBA076535}
	EndGlobalSection
EndGlobal
