
Microsoft Visual Studio Solution File, Format Version 12.00
# Visual Studio Version 17
VisualStudioVersion = 17.9.34616.47
MinimumVisualStudioVersion = 10.0.40219.1
Project("{FAE04EC0-301F-11D3-BF4B-00C04F79EFBC}") = "26_BuiVanToan_Slot12_Demo11", "26_BuiVanToan_Slot12_Demo10\26_BuiVanToan_Slot12_Demo11.csproj", "{23C16DF1-1291-477E-BEB6-8056267508C6}"
EndProject
Global
	GlobalSection(SolutionConfigurationPlatforms) = preSolution
		Debug|Any CPU = Debug|Any CPU
		Release|Any CPU = Release|Any CPU
	EndGlobalSection
	GlobalSection(ProjectConfigurationPlatforms) = postSolution
		{23C16DF1-1291-477E-BEB6-8056267508C6}.Debug|Any CPU.ActiveCfg = Debug|Any CPU
		{23C16DF1-1291-477E-BEB6-8056267508C6}.Debug|Any CPU.Build.0 = Debug|Any CPU
		{23C16DF1-1291-477E-BEB6-8056267508C6}.Release|Any CPU.ActiveCfg = Release|Any CPU
		{23C16DF1-1291-477E-BEB6-8056267508C6}.Release|Any CPU.Build.0 = Release|Any CPU
	EndGlobalSection
	GlobalSection(SolutionProperties) = preSolution
		HideSolutionNode = FALSE
	EndGlobalSection
	GlobalSection(ExtensibilityGlobals) = postSolution
		SolutionGuid = {D9D3921E-649D-403B-9A0F-52FDF87B7EF9}
	EndGlobalSection
EndGlobal
