
Microsoft Visual Studio Solution File, Format Version 12.00
# Visual Studio Version 17
VisualStudioVersion = 17.9.34622.214
MinimumVisualStudioVersion = 10.0.40219.1
Project("{FAE04EC0-301F-11D3-BF4B-00C04F79EFBC}") = "26_BuiVanToan_BusinessObjects", "26_BuiVanToan_BusinessObjects\26_BuiVanToan_BusinessObjects.csproj", "{B2D72239-7447-43BC-BC81-3118CFD56520}"
EndProject
Project("{FAE04EC0-301F-11D3-BF4B-00C04F79EFBC}") = "26_BuiVanToan_Repositories", "26_BuiVanToan_Repositories\26_BuiVanToan_Repositories.csproj", "{5B1D48E4-E2A4-4D24-87DE-90473ADCE530}"
EndProject
Project("{FAE04EC0-301F-11D3-BF4B-00C04F79EFBC}") = "26_BuiVanToan_DataAccess", "26_BuiVanToan_DataAccess\26_BuiVanToan_DataAccess.csproj", "{858B5844-53EE-41E9-AB52-2E7E7EC948FA}"
EndProject
Project("{FAE04EC0-301F-11D3-BF4B-00C04F79EFBC}") = "ProjectManagementAPI", "ProjectManagementAPI\ProjectManagementAPI.csproj", "{8E77489C-29FA-4AA9-9473-D4969B3CC3B9}"
EndProject
Project("{FAE04EC0-301F-11D3-BF4B-00C04F79EFBC}") = "IdetityAjaxClient", "IdetityAjaxClient\IdetityAjaxClient.csproj", "{C68965A9-33E7-4DC6-8982-C2B1C4AA1F01}"
EndProject
Global
	GlobalSection(SolutionConfigurationPlatforms) = preSolution
		Debug|Any CPU = Debug|Any CPU
		Release|Any CPU = Release|Any CPU
	EndGlobalSection
	GlobalSection(ProjectConfigurationPlatforms) = postSolution
		{B2D72239-7447-43BC-BC81-3118CFD56520}.Debug|Any CPU.ActiveCfg = Debug|Any CPU
		{B2D72239-7447-43BC-BC81-3118CFD56520}.Debug|Any CPU.Build.0 = Debug|Any CPU
		{B2D72239-7447-43BC-BC81-3118CFD56520}.Release|Any CPU.ActiveCfg = Release|Any CPU
		{B2D72239-7447-43BC-BC81-3118CFD56520}.Release|Any CPU.Build.0 = Release|Any CPU
		{5B1D48E4-E2A4-4D24-87DE-90473ADCE530}.Debug|Any CPU.ActiveCfg = Debug|Any CPU
		{5B1D48E4-E2A4-4D24-87DE-90473ADCE530}.Debug|Any CPU.Build.0 = Debug|Any CPU
		{5B1D48E4-E2A4-4D24-87DE-90473ADCE530}.Release|Any CPU.ActiveCfg = Release|Any CPU
		{5B1D48E4-E2A4-4D24-87DE-90473ADCE530}.Release|Any CPU.Build.0 = Release|Any CPU
		{858B5844-53EE-41E9-AB52-2E7E7EC948FA}.Debug|Any CPU.ActiveCfg = Debug|Any CPU
		{858B5844-53EE-41E9-AB52-2E7E7EC948FA}.Debug|Any CPU.Build.0 = Debug|Any CPU
		{858B5844-53EE-41E9-AB52-2E7E7EC948FA}.Release|Any CPU.ActiveCfg = Release|Any CPU
		{858B5844-53EE-41E9-AB52-2E7E7EC948FA}.Release|Any CPU.Build.0 = Release|Any CPU
		{8E77489C-29FA-4AA9-9473-D4969B3CC3B9}.Debug|Any CPU.ActiveCfg = Debug|Any CPU
		{8E77489C-29FA-4AA9-9473-D4969B3CC3B9}.Debug|Any CPU.Build.0 = Debug|Any CPU
		{8E77489C-29FA-4AA9-9473-D4969B3CC3B9}.Release|Any CPU.ActiveCfg = Release|Any CPU
		{8E77489C-29FA-4AA9-9473-D4969B3CC3B9}.Release|Any CPU.Build.0 = Release|Any CPU
		{C68965A9-33E7-4DC6-8982-C2B1C4AA1F01}.Debug|Any CPU.ActiveCfg = Debug|Any CPU
		{C68965A9-33E7-4DC6-8982-C2B1C4AA1F01}.Debug|Any CPU.Build.0 = Debug|Any CPU
		{C68965A9-33E7-4DC6-8982-C2B1C4AA1F01}.Release|Any CPU.ActiveCfg = Release|Any CPU
		{C68965A9-33E7-4DC6-8982-C2B1C4AA1F01}.Release|Any CPU.Build.0 = Release|Any CPU
	EndGlobalSection
	GlobalSection(SolutionProperties) = preSolution
		HideSolutionNode = FALSE
	EndGlobalSection
	GlobalSection(ExtensibilityGlobals) = postSolution
		SolutionGuid = {A896CC72-7324-4BB0-BD9E-ED99BEE5B94E}
	EndGlobalSection
EndGlobal
