
Microsoft Visual Studio Solution File, Format Version 12.00
# Visual Studio Version 17
VisualStudioVersion = 17.8.34511.84
MinimumVisualStudioVersion = 10.0.40219.1
Project("{FAE04EC0-301F-11D3-BF4B-00C04F79EFBC}") = "26_BuiVanToan_OdataBookStore", "26_BuiVanToan_OdataBookStore\26_BuiVanToan_OdataBookStore.csproj", "{7541E270-F4D7-4053-A6C8-F26C0C147C57}"
EndProject
Project("{FAE04EC0-301F-11D3-BF4B-00C04F79EFBC}") = "26_BuiVanToan_OdataBookStoreWebClient", "26_BuiVanToan_OdataBookStoreWebClient\26_BuiVanToan_OdataBookStoreWebClient.csproj", "{0AAF0770-06EB-410D-A63D-C4F0951347D2}"
EndProject
Global
	GlobalSection(SolutionConfigurationPlatforms) = preSolution
		Debug|Any CPU = Debug|Any CPU
		Release|Any CPU = Release|Any CPU
	EndGlobalSection
	GlobalSection(ProjectConfigurationPlatforms) = postSolution
		{7541E270-F4D7-4053-A6C8-F26C0C147C57}.Debug|Any CPU.ActiveCfg = Debug|Any CPU
		{7541E270-F4D7-4053-A6C8-F26C0C147C57}.Debug|Any CPU.Build.0 = Debug|Any CPU
		{7541E270-F4D7-4053-A6C8-F26C0C147C57}.Release|Any CPU.ActiveCfg = Release|Any CPU
		{7541E270-F4D7-4053-A6C8-F26C0C147C57}.Release|Any CPU.Build.0 = Release|Any CPU
		{0AAF0770-06EB-410D-A63D-C4F0951347D2}.Debug|Any CPU.ActiveCfg = Debug|Any CPU
		{0AAF0770-06EB-410D-A63D-C4F0951347D2}.Debug|Any CPU.Build.0 = Debug|Any CPU
		{0AAF0770-06EB-410D-A63D-C4F0951347D2}.Release|Any CPU.ActiveCfg = Release|Any CPU
		{0AAF0770-06EB-410D-A63D-C4F0951347D2}.Release|Any CPU.Build.0 = Release|Any CPU
	EndGlobalSection
	GlobalSection(SolutionProperties) = preSolution
		HideSolutionNode = FALSE
	EndGlobalSection
	GlobalSection(ExtensibilityGlobals) = postSolution
		SolutionGuid = {7AED930C-4657-4077-9923-AE845163888C}
	EndGlobalSection
EndGlobal
